
Microsoft Visual Studio Solution File, Format Version 12.00
# Visual Studio Version 16
VisualStudioVersion = 16.0.31229.75
MinimumVisualStudioVersion = 10.0.40219.1
Project("{9A19103F-16F7-4668-BE54-9A1E7A4F7556}") = "OpenTelemetry.Demo.Users.WebApi", "src\OpenTelemetry.Demo.Users.WebApi\OpenTelemetry.Demo.Users.WebApi.csproj", "{FA2FF07A-5223-4DC2-8493-E83E3326B18A}"
EndProject
Project("{9A19103F-16F7-4668-BE54-9A1E7A4F7556}") = "OpenTelemetry.Demo.Public.Contracts", "src\OpenTelemetry.Demo.Public.Contracts\OpenTelemetry.Demo.Public.Contracts.csproj", "{59431CE9-B7BD-4C20-96E1-F235AA116514}"
EndProject
Project("{2150E333-8FDC-42A3-9474-1A3956D46DE8}") = "docker", "docker", "{20DCA5BF-0596-4FA7-9B3D-FC1FBAF2B523}"
	ProjectSection(SolutionItems) = preProject
		docker-compose.yml = docker-compose.yml
	EndProjectSection
EndProject
Project("{FAE04EC0-301F-11D3-BF4B-00C04F79EFBC}") = "OpenTelemetry.Demo.Legislations.WebApi", "src\OpenTelemetry.Demo.Legislations.WebApi\OpenTelemetry.Demo.Legislations.WebApi.csproj", "{374EDCD1-2EF4-40B1-8730-322A0B1B24C7}"
EndProject
Global
	GlobalSection(SolutionConfigurationPlatforms) = preSolution
		Debug|Any CPU = Debug|Any CPU
		Release|Any CPU = Release|Any CPU
	EndGlobalSection
	GlobalSection(ProjectConfigurationPlatforms) = postSolution
		{FA2FF07A-5223-4DC2-8493-E83E3326B18A}.Debug|Any CPU.ActiveCfg = Debug|Any CPU
		{FA2FF07A-5223-4DC2-8493-E83E3326B18A}.Debug|Any CPU.Build.0 = Debug|Any CPU
		{FA2FF07A-5223-4DC2-8493-E83E3326B18A}.Release|Any CPU.ActiveCfg = Release|Any CPU
		{FA2FF07A-5223-4DC2-8493-E83E3326B18A}.Release|Any CPU.Build.0 = Release|Any CPU
		{59431CE9-B7BD-4C20-96E1-F235AA116514}.Debug|Any CPU.ActiveCfg = Debug|Any CPU
		{59431CE9-B7BD-4C20-96E1-F235AA116514}.Debug|Any CPU.Build.0 = Debug|Any CPU
		{59431CE9-B7BD-4C20-96E1-F235AA116514}.Release|Any CPU.ActiveCfg = Release|Any CPU
		{59431CE9-B7BD-4C20-96E1-F235AA116514}.Release|Any CPU.Build.0 = Release|Any CPU
		{374EDCD1-2EF4-40B1-8730-322A0B1B24C7}.Debug|Any CPU.ActiveCfg = Debug|Any CPU
		{374EDCD1-2EF4-40B1-8730-322A0B1B24C7}.Debug|Any CPU.Build.0 = Debug|Any CPU
		{374EDCD1-2EF4-40B1-8730-322A0B1B24C7}.Release|Any CPU.ActiveCfg = Release|Any CPU
		{374EDCD1-2EF4-40B1-8730-322A0B1B24C7}.Release|Any CPU.Build.0 = Release|Any CPU
	EndGlobalSection
	GlobalSection(SolutionProperties) = preSolution
		HideSolutionNode = FALSE
	EndGlobalSection
	GlobalSection(ExtensibilityGlobals) = postSolution
		SolutionGuid = {F150B367-E5A5-4432-BA9E-C1BA01FFB4AB}
	EndGlobalSection
EndGlobal
